
Microsoft Visual Studio Solution File, Format Version 12.00
# Visual Studio Version 16
VisualStudioVersion = 16.0.31624.102
MinimumVisualStudioVersion = 10.0.40219.1
Project("{FAE04EC0-301F-11D3-BF4B-00C04F79EFBC}") = "lab06m", "lab06m\lab06m.csproj", "{C0E921A5-5FD9-437F-9BEC-51ABB0541FD0}"
EndProject
Global
	GlobalSection(SolutionConfigurationPlatforms) = preSolution
		Debug|Any CPU = Debug|Any CPU
		Release|Any CPU = Release|Any CPU
	EndGlobalSection
	GlobalSection(ProjectConfigurationPlatforms) = postSolution
		{C0E921A5-5FD9-437F-9BEC-51ABB0541FD0}.Debug|Any CPU.ActiveCfg = Debug|Any CPU
		{C0E921A5-5FD9-437F-9BEC-51ABB0541FD0}.Debug|Any CPU.Build.0 = Debug|Any CPU
		{C0E921A5-5FD9-437F-9BEC-51ABB0541FD0}.Release|Any CPU.ActiveCfg = Release|Any CPU
		{C0E921A5-5FD9-437F-9BEC-51ABB0541FD0}.Release|Any CPU.Build.0 = Release|Any CPU
	EndGlobalSection
	GlobalSection(SolutionProperties) = preSolution
		HideSolutionNode = FALSE
	EndGlobalSection
	GlobalSection(ExtensibilityGlobals) = postSolution
		SolutionGuid = {EA18CD81-591D-490B-95F1-0047C0997FCA}
	EndGlobalSection
EndGlobal
